
Microsoft Visual Studio Solution File, Format Version 12.00
# Visual Studio Version 16
VisualStudioVersion = 16.0.29709.97
MinimumVisualStudioVersion = 10.0.40219.1
Project("{FAE04EC0-301F-11D3-BF4B-00C04F79EFBC}") = "ImageFiltering", "ImageFiltering\ImageFiltering.csproj", "{97778750-5FB0-4518-984D-13C18C1B1BB0}"
EndProject
Global
	GlobalSection(SolutionConfigurationPlatforms) = preSolution
		Debug|Any CPU = Debug|Any CPU
		Release|Any CPU = Release|Any CPU
	EndGlobalSection
	GlobalSection(ProjectConfigurationPlatforms) = postSolution
		{97778750-5FB0-4518-984D-13C18C1B1BB0}.Debug|Any CPU.ActiveCfg = Debug|Any CPU
		{97778750-5FB0-4518-984D-13C18C1B1BB0}.Debug|Any CPU.Build.0 = Debug|Any CPU
		{97778750-5FB0-4518-984D-13C18C1B1BB0}.Release|Any CPU.ActiveCfg = Release|Any CPU
		{97778750-5FB0-4518-984D-13C18C1B1BB0}.Release|Any CPU.Build.0 = Release|Any CPU
	EndGlobalSection
	GlobalSection(SolutionProperties) = preSolution
		HideSolutionNode = FALSE
	EndGlobalSection
	GlobalSection(ExtensibilityGlobals) = postSolution
		SolutionGuid = {C906D452-CB30-4EE5-86DD-4829C386BF06}
	EndGlobalSection
EndGlobal
